{
  "name": "@distributed-systems/http2-client",
  "version": "2.2.6",
  "lockfileVersion": 2,
  "requires": true,
  "packages": {
    "": {
      "name": "@distributed-systems/http2-client",
      "version": "2.2.6",
      "license": "MIT",
      "dependencies": {
        "@distributed-systems/http2-lib": "^2.0.2"
      }
    },
    "node_modules/@distributed-systems/http2-lib": {
      "version": "2.1.2",
      "resolved": "https://registry.npmjs.org/@distributed-systems/http2-lib/-/http2-lib-2.1.2.tgz",
      "integrity": "sha512-0Aowi08btmBHmghVFM3gw4EyzPNO58+/UhOmJNDk6ofkHoj05nkyIcDQ/LzECwL4gOZ4n0Ngq9zidybAgACBDA==",
      "dependencies": {
        "@distributed-systems/types": "^2.0.0"
      }
    },
    "node_modules/@distributed-systems/types": {
      "version": "2.0.1",
      "resolved": "https://registry.npmjs.org/@distributed-systems/types/-/types-2.0.1.tgz",
      "integrity": "sha512-uXwVzjHi5EJU1l4TLgK2POuXUIVbOTMCO6YvTAV3mhHwXnbJ5sbZdylmKquojFYLxw743Pb8vlrbgKiHCAuxzg=="
    }
  },
  "dependencies": {
    "@distributed-systems/http2-lib": {
      "version": "2.1.2",
      "resolved": "https://registry.npmjs.org/@distributed-systems/http2-lib/-/http2-lib-2.1.2.tgz",
      "integrity": "sha512-0Aowi08btmBHmghVFM3gw4EyzPNO58+/UhOmJNDk6ofkHoj05nkyIcDQ/LzECwL4gOZ4n0Ngq9zidybAgACBDA==",
      "requires": {
        "@distributed-systems/types": "^2.0.0"
      }
    },
    "@distributed-systems/types": {
      "version": "2.0.1",
      "resolved": "https://registry.npmjs.org/@distributed-systems/types/-/types-2.0.1.tgz",
      "integrity": "sha512-uXwVzjHi5EJU1l4TLgK2POuXUIVbOTMCO6YvTAV3mhHwXnbJ5sbZdylmKquojFYLxw743Pb8vlrbgKiHCAuxzg=="
    }
  }
}
