{
  "name": "@distributed-systems/http2-client",
  "version": "2.1.4",
  "lockfileVersion": 2,
  "requires": true,
  "packages": {
    "": {
      "name": "@distributed-systems/http2-client",
      "version": "2.1.4",
      "license": "MIT",
      "dependencies": {
        "@distributed-systems/http2-lib": "^2.0.2"
      }
    },
    "node_modules/@distributed-systems/http2-lib": {
      "version": "2.0.4",
      "resolved": "https://registry.npmjs.org/@distributed-systems/http2-lib/-/http2-lib-2.0.4.tgz",
      "integrity": "sha512-DUwqpyk5NLqaMhEy0TvS57OpY0t/IbyvXaflRjkCjuZ9lr0I/dggpX1arbkMXJWEIM+lPLXcbBy0U01RgGbdaw==",
      "dependencies": {
        "@distributed-systems/types": "^2.0.0"
      }
    },
    "node_modules/@distributed-systems/types": {
      "version": "2.0.1",
      "resolved": "https://registry.npmjs.org/@distributed-systems/types/-/types-2.0.1.tgz",
      "integrity": "sha512-uXwVzjHi5EJU1l4TLgK2POuXUIVbOTMCO6YvTAV3mhHwXnbJ5sbZdylmKquojFYLxw743Pb8vlrbgKiHCAuxzg=="
    }
  },
  "dependencies": {
    "@distributed-systems/http2-lib": {
      "version": "2.0.4",
      "resolved": "https://registry.npmjs.org/@distributed-systems/http2-lib/-/http2-lib-2.0.4.tgz",
      "integrity": "sha512-DUwqpyk5NLqaMhEy0TvS57OpY0t/IbyvXaflRjkCjuZ9lr0I/dggpX1arbkMXJWEIM+lPLXcbBy0U01RgGbdaw==",
      "requires": {
        "@distributed-systems/types": "^2.0.0"
      }
    },
    "@distributed-systems/types": {
      "version": "2.0.1",
      "resolved": "https://registry.npmjs.org/@distributed-systems/types/-/types-2.0.1.tgz",
      "integrity": "sha512-uXwVzjHi5EJU1l4TLgK2POuXUIVbOTMCO6YvTAV3mhHwXnbJ5sbZdylmKquojFYLxw743Pb8vlrbgKiHCAuxzg=="
    }
  }
}
