{
  "name": "@distributed-systems/http2-client",
  "version": "2.1.2",
  "lockfileVersion": 1,
  "requires": true,
  "dependencies": {
    "@distributed-systems/http2-lib": {
      "version": "2.0.2",
      "resolved": "https://registry.npmjs.org/@distributed-systems/http2-lib/-/http2-lib-2.0.2.tgz",
      "integrity": "sha512-Lv6HodgjnrpF31WNXD4fifM9Jt3IQKnc6HFCsOLIOmoBcUbIPGqS7rarmsKm8wZFEUgNEie9cXEnQhtBi0G3nw==",
      "requires": {
        "@distributed-systems/types": "^2.0.0"
      }
    },
    "@distributed-systems/types": {
      "version": "2.0.0",
      "resolved": "https://registry.npmjs.org/@distributed-systems/types/-/types-2.0.0.tgz",
      "integrity": "sha512-jVEpiwYi8NRSK75Zr2FoIGngOxMWwwFGvN3iLI4Akd7EeEquWXhVjQfzoeC8p1VsXzAYwYPdOg8+eEBqTCnVBw=="
    }
  }
}
